
Microsoft Visual Studio Solution File, Format Version 12.00
# Visual Studio Version 17
VisualStudioVersion = 17.10.35122.118
MinimumVisualStudioVersion = 10.0.40219.1
Project("{FAE04EC0-301F-11D3-BF4B-00C04F79EFBC}") = "Biblioteca", "Biblioteca\Biblioteca.csproj", "{8F921EDF-3C72-498A-9AC1-2F1E57274DBC}"
EndProject
Project("{2150E333-8FDC-42A3-9474-1A3956D46DE8}") = "ClassCore", "ClassCore", "{9139B9FB-68D2-4B37-B197-ED15F94EE349}"
EndProject
Project("{FAE04EC0-301F-11D3-BF4B-00C04F79EFBC}") = "libAlumnos", "libAlumnos\libAlumnos.csproj", "{F23CDC7A-7402-431F-98CA-6809400A4771}"
EndProject
Global
	GlobalSection(SolutionConfigurationPlatforms) = preSolution
		Debug|Any CPU = Debug|Any CPU
		Release|Any CPU = Release|Any CPU
	EndGlobalSection
	GlobalSection(ProjectConfigurationPlatforms) = postSolution
		{8F921EDF-3C72-498A-9AC1-2F1E57274DBC}.Debug|Any CPU.ActiveCfg = Debug|Any CPU
		{8F921EDF-3C72-498A-9AC1-2F1E57274DBC}.Debug|Any CPU.Build.0 = Debug|Any CPU
		{8F921EDF-3C72-498A-9AC1-2F1E57274DBC}.Release|Any CPU.ActiveCfg = Release|Any CPU
		{8F921EDF-3C72-498A-9AC1-2F1E57274DBC}.Release|Any CPU.Build.0 = Release|Any CPU
		{F23CDC7A-7402-431F-98CA-6809400A4771}.Debug|Any CPU.ActiveCfg = Debug|Any CPU
		{F23CDC7A-7402-431F-98CA-6809400A4771}.Debug|Any CPU.Build.0 = Debug|Any CPU
		{F23CDC7A-7402-431F-98CA-6809400A4771}.Release|Any CPU.ActiveCfg = Release|Any CPU
		{F23CDC7A-7402-431F-98CA-6809400A4771}.Release|Any CPU.Build.0 = Release|Any CPU
	EndGlobalSection
	GlobalSection(SolutionProperties) = preSolution
		HideSolutionNode = FALSE
	EndGlobalSection
	GlobalSection(NestedProjects) = preSolution
		{F23CDC7A-7402-431F-98CA-6809400A4771} = {9139B9FB-68D2-4B37-B197-ED15F94EE349}
	EndGlobalSection
	GlobalSection(ExtensibilityGlobals) = postSolution
		SolutionGuid = {51393AC3-9E3A-4712-B2F3-64244422B6A6}
	EndGlobalSection
EndGlobal
